
Microsoft Visual Studio Solution File, Format Version 12.00
# Visual Studio Version 16
VisualStudioVersion = 16.0.30804.86
MinimumVisualStudioVersion = 10.0.40219.1
Project("{FAE04EC0-301F-11D3-BF4B-00C04F79EFBC}") = "InsuranceCompanyC.API", "InsuranceCompanyC.API\InsuranceCompanyC.API.csproj", "{FF3EC3DC-0A9B-4212-877E-BAE27673828B}"
EndProject
Global
	GlobalSection(SolutionConfigurationPlatforms) = preSolution
		Debug|Any CPU = Debug|Any CPU
		Release|Any CPU = Release|Any CPU
	EndGlobalSection
	GlobalSection(ProjectConfigurationPlatforms) = postSolution
		{FF3EC3DC-0A9B-4212-877E-BAE27673828B}.Debug|Any CPU.ActiveCfg = Debug|Any CPU
		{FF3EC3DC-0A9B-4212-877E-BAE27673828B}.Debug|Any CPU.Build.0 = Debug|Any CPU
		{FF3EC3DC-0A9B-4212-877E-BAE27673828B}.Release|Any CPU.ActiveCfg = Release|Any CPU
		{FF3EC3DC-0A9B-4212-877E-BAE27673828B}.Release|Any CPU.Build.0 = Release|Any CPU
	EndGlobalSection
	GlobalSection(SolutionProperties) = preSolution
		HideSolutionNode = FALSE
	EndGlobalSection
	GlobalSection(ExtensibilityGlobals) = postSolution
		SolutionGuid = {89C871D9-ACB3-4B64-A612-8FE59BE45A29}
	EndGlobalSection
EndGlobal
